
Microsoft Visual Studio Solution File, Format Version 12.00
# Visual Studio Version 16
VisualStudioVersion = 16.0.29728.190
MinimumVisualStudioVersion = 10.0.40219.1
Project("{FAE04EC0-301F-11D3-BF4B-00C04F79EFBC}") = "Лаба_2", "Лаба_2\Лаба_2.csproj", "{911AF08B-AA7C-43B5-931A-DAB29AF1357A}"
EndProject
Global
	GlobalSection(SolutionConfigurationPlatforms) = preSolution
		Debug|Any CPU = Debug|Any CPU
		Release|Any CPU = Release|Any CPU
	EndGlobalSection
	GlobalSection(ProjectConfigurationPlatforms) = postSolution
		{911AF08B-AA7C-43B5-931A-DAB29AF1357A}.Debug|Any CPU.ActiveCfg = Debug|Any CPU
		{911AF08B-AA7C-43B5-931A-DAB29AF1357A}.Debug|Any CPU.Build.0 = Debug|Any CPU
		{911AF08B-AA7C-43B5-931A-DAB29AF1357A}.Release|Any CPU.ActiveCfg = Release|Any CPU
		{911AF08B-AA7C-43B5-931A-DAB29AF1357A}.Release|Any CPU.Build.0 = Release|Any CPU
	EndGlobalSection
	GlobalSection(SolutionProperties) = preSolution
		HideSolutionNode = FALSE
	EndGlobalSection
	GlobalSection(ExtensibilityGlobals) = postSolution
		SolutionGuid = {37509DD7-7729-43BF-9578-8B8751F4B3CF}
	EndGlobalSection
EndGlobal
